// !$*UTF8*$!
{
	archiveVersion = 1;
	classes = {
	};
	objectVersion = 51;
	objects = {

/* Begin PBXBuildFile section */
		051F1958A84197BCD87B3CFF /* Pods_iOS_ArchitectureTests.framework in Frameworks */ = {isa = PBXBuildFile; fileRef = 682E5F7A1130286E6B95AAB8 /* Pods_iOS_ArchitectureTests.framework */; };
		0943150B24325385009A0ABC /* FeedViewController.swift in Sources */ = {isa = PBXBuildFile; fileRef = 0943150924325385009A0ABC /* FeedViewController.swift */; };
		0943150C24325385009A0ABC /* FeedViewController.xib in Resources */ = {isa = PBXBuildFile; fileRef = 0943150A24325385009A0ABC /* FeedViewController.xib */; };
		0943150E2432547B009A0ABC /* FeedViewModel.swift in Sources */ = {isa = PBXBuildFile; fileRef = 0943150D2432547B009A0ABC /* FeedViewModel.swift */; };
		09431510243254B9009A0ABC /* AppCoordinator.swift in Sources */ = {isa = PBXBuildFile; fileRef = 0943150F243254B9009A0ABC /* AppCoordinator.swift */; };
		0943151224325582009A0ABC /* FeedCoordinator.swift in Sources */ = {isa = PBXBuildFile; fileRef = 0943151124325582009A0ABC /* FeedCoordinator.swift */; };
		09EDCDCE2431641E00B9EA4E /* AppDelegate.swift in Sources */ = {isa = PBXBuildFile; fileRef = 09EDCDCD2431641E00B9EA4E /* AppDelegate.swift */; };
		09EDCDD02431641E00B9EA4E /* SceneDelegate.swift in Sources */ = {isa = PBXBuildFile; fileRef = 09EDCDCF2431641E00B9EA4E /* SceneDelegate.swift */; };
		09EDCDD72431642000B9EA4E /* Assets.xcassets in Resources */ = {isa = PBXBuildFile; fileRef = 09EDCDD62431642000B9EA4E /* Assets.xcassets */; };
		09EDCDDA2431642000B9EA4E /* LaunchScreen.storyboard in Resources */ = {isa = PBXBuildFile; fileRef = 09EDCDD82431642000B9EA4E /* LaunchScreen.storyboard */; };
		09EDCDE52431642000B9EA4E /* iOS_ArchitectureTests.swift in Sources */ = {isa = PBXBuildFile; fileRef = 09EDCDE42431642000B9EA4E /* iOS_ArchitectureTests.swift */; };
		09EDCDF02431642000B9EA4E /* iOS_ArchitectureUITests.swift in Sources */ = {isa = PBXBuildFile; fileRef = 09EDCDEF2431642000B9EA4E /* iOS_ArchitectureUITests.swift */; };
		09EDCE0624316B4000B9EA4E /* Router+Rx.swift in Sources */ = {isa = PBXBuildFile; fileRef = 09EDCE0524316B4000B9EA4E /* Router+Rx.swift */; };
		09EDCE0824316B9A00B9EA4E /* BindableType.swift in Sources */ = {isa = PBXBuildFile; fileRef = 09EDCE0724316B9A00B9EA4E /* BindableType.swift */; };
		09EDCE0A24316BCD00B9EA4E /* NibIdentifiable.swift in Sources */ = {isa = PBXBuildFile; fileRef = 09EDCE0924316BCD00B9EA4E /* NibIdentifiable.swift */; };
		2A316F69ED3E47DE377EFC16 /* Pods_iOS_Architecture_iOS_ArchitectureUITests.framework in Frameworks */ = {isa = PBXBuildFile; fileRef = B041F5F98C719A2602B3CCD2 /* Pods_iOS_Architecture_iOS_ArchitectureUITests.framework */; };
		6A108A7715CE86738658252D /* Pods_iOS_Architecture.framework in Frameworks */ = {isa = PBXBuildFile; fileRef = 14DC336BCF0EF7DCADBFEE8E /* Pods_iOS_Architecture.framework */; };
/* End PBXBuildFile section */

/* Begin PBXContainerItemProxy section */
		09EDCDE12431642000B9EA4E /* PBXContainerItemProxy */ = {
			isa = PBXContainerItemProxy;
			containerPortal = 09EDCDC22431641E00B9EA4E /* Project object */;
			proxyType = 1;
			remoteGlobalIDString = 09EDCDC92431641E00B9EA4E;
			remoteInfo = "iOS Architecture";
		};
		09EDCDEC2431642000B9EA4E /* PBXContainerItemProxy */ = {
			isa = PBXContainerItemProxy;
			containerPortal = 09EDCDC22431641E00B9EA4E /* Project object */;
			proxyType = 1;
			remoteGlobalIDString = 09EDCDC92431641E00B9EA4E;
			remoteInfo = "iOS Architecture";
		};
/* End PBXContainerItemProxy section */

/* Begin PBXFileReference section */
		029EC9651783A6E7C3375050 /* Pods-iOS Architecture-iOS ArchitectureUITests.debug.xcconfig */ = {isa = PBXFileReference; includeInIndex = 1; lastKnownFileType = text.xcconfig; name = "Pods-iOS Architecture-iOS ArchitectureUITests.debug.xcconfig"; path = "Target Support Files/Pods-iOS Architecture-iOS ArchitectureUITests/Pods-iOS Architecture-iOS ArchitectureUITests.debug.xcconfig"; sourceTree = "<group>"; };
		0943150924325385009A0ABC /* FeedViewController.swift */ = {isa = PBXFileReference; lastKnownFileType = sourcecode.swift; path = FeedViewController.swift; sourceTree = "<group>"; };
		0943150A24325385009A0ABC /* FeedViewController.xib */ = {isa = PBXFileReference; lastKnownFileType = file.xib; path = FeedViewController.xib; sourceTree = "<group>"; };
		0943150D2432547B009A0ABC /* FeedViewModel.swift */ = {isa = PBXFileReference; lastKnownFileType = sourcecode.swift; path = FeedViewModel.swift; sourceTree = "<group>"; };
		0943150F243254B9009A0ABC /* AppCoordinator.swift */ = {isa = PBXFileReference; lastKnownFileType = sourcecode.swift; path = AppCoordinator.swift; sourceTree = "<group>"; };
		0943151124325582009A0ABC /* FeedCoordinator.swift */ = {isa = PBXFileReference; lastKnownFileType = sourcecode.swift; path = FeedCoordinator.swift; sourceTree = "<group>"; };
		09EDCDCA2431641E00B9EA4E /* iOS Architecture.app */ = {isa = PBXFileReference; explicitFileType = wrapper.application; includeInIndex = 0; path = "iOS Architecture.app"; sourceTree = BUILT_PRODUCTS_DIR; };
		09EDCDCD2431641E00B9EA4E /* AppDelegate.swift */ = {isa = PBXFileReference; lastKnownFileType = sourcecode.swift; path = AppDelegate.swift; sourceTree = "<group>"; };
		09EDCDCF2431641E00B9EA4E /* SceneDelegate.swift */ = {isa = PBXFileReference; lastKnownFileType = sourcecode.swift; path = SceneDelegate.swift; sourceTree = "<group>"; };
		09EDCDD62431642000B9EA4E /* Assets.xcassets */ = {isa = PBXFileReference; lastKnownFileType = folder.assetcatalog; path = Assets.xcassets; sourceTree = "<group>"; };
		09EDCDD92431642000B9EA4E /* Base */ = {isa = PBXFileReference; lastKnownFileType = file.storyboard; name = Base; path = Base.lproj/LaunchScreen.storyboard; sourceTree = "<group>"; };
		09EDCDDB2431642000B9EA4E /* Info.plist */ = {isa = PBXFileReference; lastKnownFileType = text.plist.xml; path = Info.plist; sourceTree = "<group>"; };
		09EDCDE02431642000B9EA4E /* iOS ArchitectureTests.xctest */ = {isa = PBXFileReference; explicitFileType = wrapper.cfbundle; includeInIndex = 0; path = "iOS ArchitectureTests.xctest"; sourceTree = BUILT_PRODUCTS_DIR; };
		09EDCDE42431642000B9EA4E /* iOS_ArchitectureTests.swift */ = {isa = PBXFileReference; lastKnownFileType = sourcecode.swift; path = iOS_ArchitectureTests.swift; sourceTree = "<group>"; };
		09EDCDE62431642000B9EA4E /* Info.plist */ = {isa = PBXFileReference; lastKnownFileType = text.plist.xml; path = Info.plist; sourceTree = "<group>"; };
		09EDCDEB2431642000B9EA4E /* iOS ArchitectureUITests.xctest */ = {isa = PBXFileReference; explicitFileType = wrapper.cfbundle; includeInIndex = 0; path = "iOS ArchitectureUITests.xctest"; sourceTree = BUILT_PRODUCTS_DIR; };
		09EDCDEF2431642000B9EA4E /* iOS_ArchitectureUITests.swift */ = {isa = PBXFileReference; lastKnownFileType = sourcecode.swift; path = iOS_ArchitectureUITests.swift; sourceTree = "<group>"; };
		09EDCDF12431642000B9EA4E /* Info.plist */ = {isa = PBXFileReference; lastKnownFileType = text.plist.xml; path = Info.plist; sourceTree = "<group>"; };
		09EDCE0524316B4000B9EA4E /* Router+Rx.swift */ = {isa = PBXFileReference; lastKnownFileType = sourcecode.swift; path = "Router+Rx.swift"; sourceTree = "<group>"; };
		09EDCE0724316B9A00B9EA4E /* BindableType.swift */ = {isa = PBXFileReference; lastKnownFileType = sourcecode.swift; path = BindableType.swift; sourceTree = "<group>"; };
		09EDCE0924316BCD00B9EA4E /* NibIdentifiable.swift */ = {isa = PBXFileReference; lastKnownFileType = sourcecode.swift; path = NibIdentifiable.swift; sourceTree = "<group>"; };
		14DC336BCF0EF7DCADBFEE8E /* Pods_iOS_Architecture.framework */ = {isa = PBXFileReference; explicitFileType = wrapper.framework; includeInIndex = 0; path = Pods_iOS_Architecture.framework; sourceTree = BUILT_PRODUCTS_DIR; };
		2274CB53A2DC05210DEE14E3 /* Pods-iOS Architecture.release.xcconfig */ = {isa = PBXFileReference; includeInIndex = 1; lastKnownFileType = text.xcconfig; name = "Pods-iOS Architecture.release.xcconfig"; path = "Target Support Files/Pods-iOS Architecture/Pods-iOS Architecture.release.xcconfig"; sourceTree = "<group>"; };
		586D1C006A5756F34FF92625 /* Pods-iOS Architecture-iOS ArchitectureUITests.release.xcconfig */ = {isa = PBXFileReference; includeInIndex = 1; lastKnownFileType = text.xcconfig; name = "Pods-iOS Architecture-iOS ArchitectureUITests.release.xcconfig"; path = "Target Support Files/Pods-iOS Architecture-iOS ArchitectureUITests/Pods-iOS Architecture-iOS ArchitectureUITests.release.xcconfig"; sourceTree = "<group>"; };
		682E5F7A1130286E6B95AAB8 /* Pods_iOS_ArchitectureTests.framework */ = {isa = PBXFileReference; explicitFileType = wrapper.framework; includeInIndex = 0; path = Pods_iOS_ArchitectureTests.framework; sourceTree = BUILT_PRODUCTS_DIR; };
		6865B3FC94D4EB15A3146B71 /* Pods-iOS ArchitectureTests.release.xcconfig */ = {isa = PBXFileReference; includeInIndex = 1; lastKnownFileType = text.xcconfig; name = "Pods-iOS ArchitectureTests.release.xcconfig"; path = "Target Support Files/Pods-iOS ArchitectureTests/Pods-iOS ArchitectureTests.release.xcconfig"; sourceTree = "<group>"; };
		B041F5F98C719A2602B3CCD2 /* Pods_iOS_Architecture_iOS_ArchitectureUITests.framework */ = {isa = PBXFileReference; explicitFileType = wrapper.framework; includeInIndex = 0; path = Pods_iOS_Architecture_iOS_ArchitectureUITests.framework; sourceTree = BUILT_PRODUCTS_DIR; };
		CF89E1F939315E77A392C97B /* Pods-iOS ArchitectureTests.debug.xcconfig */ = {isa = PBXFileReference; includeInIndex = 1; lastKnownFileType = text.xcconfig; name = "Pods-iOS ArchitectureTests.debug.xcconfig"; path = "Target Support Files/Pods-iOS ArchitectureTests/Pods-iOS ArchitectureTests.debug.xcconfig"; sourceTree = "<group>"; };
		E95562F69D0B2377DB23C871 /* Pods-iOS Architecture.debug.xcconfig */ = {isa = PBXFileReference; includeInIndex = 1; lastKnownFileType = text.xcconfig; name = "Pods-iOS Architecture.debug.xcconfig"; path = "Target Support Files/Pods-iOS Architecture/Pods-iOS Architecture.debug.xcconfig"; sourceTree = "<group>"; };
/* End PBXFileReference section */

/* Begin PBXFrameworksBuildPhase section */
		09EDCDC72431641E00B9EA4E /* Frameworks */ = {
			isa = PBXFrameworksBuildPhase;
			buildActionMask = 2147483647;
			files = (
				6A108A7715CE86738658252D /* Pods_iOS_Architecture.framework in Frameworks */,
			);
			runOnlyForDeploymentPostprocessing = 0;
		};
		09EDCDDD2431642000B9EA4E /* Frameworks */ = {
			isa = PBXFrameworksBuildPhase;
			buildActionMask = 2147483647;
			files = (
				051F1958A84197BCD87B3CFF /* Pods_iOS_ArchitectureTests.framework in Frameworks */,
			);
			runOnlyForDeploymentPostprocessing = 0;
		};
		09EDCDE82431642000B9EA4E /* Frameworks */ = {
			isa = PBXFrameworksBuildPhase;
			buildActionMask = 2147483647;
			files = (
				2A316F69ED3E47DE377EFC16 /* Pods_iOS_Architecture_iOS_ArchitectureUITests.framework in Frameworks */,
			);
			runOnlyForDeploymentPostprocessing = 0;
		};
/* End PBXFrameworksBuildPhase section */

/* Begin PBXGroup section */
		0943150824325048009A0ABC /* Feed */ = {
			isa = PBXGroup;
			children = (
				0943150924325385009A0ABC /* FeedViewController.swift */,
				0943150A24325385009A0ABC /* FeedViewController.xib */,
				0943150D2432547B009A0ABC /* FeedViewModel.swift */,
			);
			path = Feed;
			sourceTree = "<group>";
		};
		09EDCDC12431641E00B9EA4E = {
			isa = PBXGroup;
			children = (
				09EDCDCC2431641E00B9EA4E /* iOS Architecture */,
				09EDCDE32431642000B9EA4E /* iOS ArchitectureTests */,
				09EDCDEE2431642000B9EA4E /* iOS ArchitectureUITests */,
				09EDCDCB2431641E00B9EA4E /* Products */,
				F124A363AEC4388BF16C1FEE /* Pods */,
				699C7EC5499F358D58D0FAFF /* Frameworks */,
			);
			sourceTree = "<group>";
		};
		09EDCDCB2431641E00B9EA4E /* Products */ = {
			isa = PBXGroup;
			children = (
				09EDCDCA2431641E00B9EA4E /* iOS Architecture.app */,
				09EDCDE02431642000B9EA4E /* iOS ArchitectureTests.xctest */,
				09EDCDEB2431642000B9EA4E /* iOS ArchitectureUITests.xctest */,
			);
			name = Products;
			sourceTree = "<group>";
		};
		09EDCDCC2431641E00B9EA4E /* iOS Architecture */ = {
			isa = PBXGroup;
			children = (
				09EDCDFE243168D000B9EA4E /* Application */,
				09EDCDFD243168A200B9EA4E /* Coordinators */,
				09EDCDFF243168FB00B9EA4E /* Scenes */,
				09EDCE0424316A2900B9EA4E /* Models */,
				09EDCE002431697C00B9EA4E /* Services */,
				09EDCE02243169F800B9EA4E /* Views */,
				09EDCE01243169F200B9EA4E /* Utils */,
				09EDCE0324316A2000B9EA4E /* Extensions */,
				09EDCDD62431642000B9EA4E /* Assets.xcassets */,
				09EDCDD82431642000B9EA4E /* LaunchScreen.storyboard */,
				09EDCDDB2431642000B9EA4E /* Info.plist */,
			);
			path = "iOS Architecture";
			sourceTree = "<group>";
		};
		09EDCDE32431642000B9EA4E /* iOS ArchitectureTests */ = {
			isa = PBXGroup;
			children = (
				09EDCDE42431642000B9EA4E /* iOS_ArchitectureTests.swift */,
				09EDCDE62431642000B9EA4E /* Info.plist */,
			);
			path = "iOS ArchitectureTests";
			sourceTree = "<group>";
		};
		09EDCDEE2431642000B9EA4E /* iOS ArchitectureUITests */ = {
			isa = PBXGroup;
			children = (
				09EDCDEF2431642000B9EA4E /* iOS_ArchitectureUITests.swift */,
				09EDCDF12431642000B9EA4E /* Info.plist */,
			);
			path = "iOS ArchitectureUITests";
			sourceTree = "<group>";
		};
		09EDCDFD243168A200B9EA4E /* Coordinators */ = {
			isa = PBXGroup;
			children = (
				0943150F243254B9009A0ABC /* AppCoordinator.swift */,
				0943151124325582009A0ABC /* FeedCoordinator.swift */,
			);
			path = Coordinators;
			sourceTree = "<group>";
		};
		09EDCDFE243168D000B9EA4E /* Application */ = {
			isa = PBXGroup;
			children = (
				09EDCDCD2431641E00B9EA4E /* AppDelegate.swift */,
				09EDCDCF2431641E00B9EA4E /* SceneDelegate.swift */,
			);
			path = Application;
			sourceTree = "<group>";
		};
		09EDCDFF243168FB00B9EA4E /* Scenes */ = {
			isa = PBXGroup;
			children = (
				0943150824325048009A0ABC /* Feed */,
			);
			path = Scenes;
			sourceTree = "<group>";
		};
		09EDCE002431697C00B9EA4E /* Services */ = {
			isa = PBXGroup;
			children = (
			);
			path = Services;
			sourceTree = "<group>";
		};
		09EDCE01243169F200B9EA4E /* Utils */ = {
			isa = PBXGroup;
			children = (
				09EDCE0724316B9A00B9EA4E /* BindableType.swift */,
				09EDCE0924316BCD00B9EA4E /* NibIdentifiable.swift */,
			);
			path = Utils;
			sourceTree = "<group>";
		};
		09EDCE02243169F800B9EA4E /* Views */ = {
			isa = PBXGroup;
			children = (
			);
			path = Views;
			sourceTree = "<group>";
		};
		09EDCE0324316A2000B9EA4E /* Extensions */ = {
			isa = PBXGroup;
			children = (
				09EDCE0524316B4000B9EA4E /* Router+Rx.swift */,
			);
			path = Extensions;
			sourceTree = "<group>";
		};
		09EDCE0424316A2900B9EA4E /* Models */ = {
			isa = PBXGroup;
			children = (
			);
			path = Models;
			sourceTree = "<group>";
		};
		699C7EC5499F358D58D0FAFF /* Frameworks */ = {
			isa = PBXGroup;
			children = (
				14DC336BCF0EF7DCADBFEE8E /* Pods_iOS_Architecture.framework */,
				B041F5F98C719A2602B3CCD2 /* Pods_iOS_Architecture_iOS_ArchitectureUITests.framework */,
				682E5F7A1130286E6B95AAB8 /* Pods_iOS_ArchitectureTests.framework */,
			);
			name = Frameworks;
			sourceTree = "<group>";
		};
		F124A363AEC4388BF16C1FEE /* Pods */ = {
			isa = PBXGroup;
			children = (
				E95562F69D0B2377DB23C871 /* Pods-iOS Architecture.debug.xcconfig */,
				2274CB53A2DC05210DEE14E3 /* Pods-iOS Architecture.release.xcconfig */,
				029EC9651783A6E7C3375050 /* Pods-iOS Architecture-iOS ArchitectureUITests.debug.xcconfig */,
				586D1C006A5756F34FF92625 /* Pods-iOS Architecture-iOS ArchitectureUITests.release.xcconfig */,
				CF89E1F939315E77A392C97B /* Pods-iOS ArchitectureTests.debug.xcconfig */,
				6865B3FC94D4EB15A3146B71 /* Pods-iOS ArchitectureTests.release.xcconfig */,
			);
			path = Pods;
			sourceTree = "<group>";
		};
/* End PBXGroup section */

/* Begin PBXNativeTarget section */
		09EDCDC92431641E00B9EA4E /* iOS Architecture */ = {
			isa = PBXNativeTarget;
			buildConfigurationList = 09EDCDF42431642000B9EA4E /* Build configuration list for PBXNativeTarget "iOS Architecture" */;
			buildPhases = (
				75271C70575034206D6F847A /* [CP] Check Pods Manifest.lock */,
				09EDCDC62431641E00B9EA4E /* Sources */,
				09EDCDC72431641E00B9EA4E /* Frameworks */,
				09EDCDC82431641E00B9EA4E /* Resources */,
				73CD79210D576E703AA89D85 /* [CP] Embed Pods Frameworks */,
			);
			buildRules = (
			);
			dependencies = (
			);
			name = "iOS Architecture";
			productName = "iOS Architecture";
			productReference = 09EDCDCA2431641E00B9EA4E /* iOS Architecture.app */;
			productType = "com.apple.product-type.application";
		};
		09EDCDDF2431642000B9EA4E /* iOS ArchitectureTests */ = {
			isa = PBXNativeTarget;
			buildConfigurationList = 09EDCDF72431642000B9EA4E /* Build configuration list for PBXNativeTarget "iOS ArchitectureTests" */;
			buildPhases = (
				A4E8CA99006DBBF63D84AA9A /* [CP] Check Pods Manifest.lock */,
				09EDCDDC2431642000B9EA4E /* Sources */,
				09EDCDDD2431642000B9EA4E /* Frameworks */,
				09EDCDDE2431642000B9EA4E /* Resources */,
			);
			buildRules = (
			);
			dependencies = (
				09EDCDE22431642000B9EA4E /* PBXTargetDependency */,
			);
			name = "iOS ArchitectureTests";
			productName = "iOS ArchitectureTests";
			productReference = 09EDCDE02431642000B9EA4E /* iOS ArchitectureTests.xctest */;
			productType = "com.apple.product-type.bundle.unit-test";
		};
		09EDCDEA2431642000B9EA4E /* iOS ArchitectureUITests */ = {
			isa = PBXNativeTarget;
			buildConfigurationList = 09EDCDFA2431642000B9EA4E /* Build configuration list for PBXNativeTarget "iOS ArchitectureUITests" */;
			buildPhases = (
				72BEECD0EE99492DA239F47B /* [CP] Check Pods Manifest.lock */,
				09EDCDE72431642000B9EA4E /* Sources */,
				09EDCDE82431642000B9EA4E /* Frameworks */,
				09EDCDE92431642000B9EA4E /* Resources */,
				AD676C36F5181DAD57F1AC38 /* [CP] Embed Pods Frameworks */,
			);
			buildRules = (
			);
			dependencies = (
				09EDCDED2431642000B9EA4E /* PBXTargetDependency */,
			);
			name = "iOS ArchitectureUITests";
			productName = "iOS ArchitectureUITests";
			productReference = 09EDCDEB2431642000B9EA4E /* iOS ArchitectureUITests.xctest */;
			productType = "com.apple.product-type.bundle.ui-testing";
		};
/* End PBXNativeTarget section */

/* Begin PBXProject section */
		09EDCDC22431641E00B9EA4E /* Project object */ = {
			isa = PBXProject;
			attributes = {
				LastSwiftUpdateCheck = 1140;
				LastUpgradeCheck = 1140;
				ORGANIZATIONNAME = "Spencer Schoeben";
				TargetAttributes = {
					09EDCDC92431641E00B9EA4E = {
						CreatedOnToolsVersion = 11.4;
					};
					09EDCDDF2431642000B9EA4E = {
						CreatedOnToolsVersion = 11.4;
						TestTargetID = 09EDCDC92431641E00B9EA4E;
					};
					09EDCDEA2431642000B9EA4E = {
						CreatedOnToolsVersion = 11.4;
						TestTargetID = 09EDCDC92431641E00B9EA4E;
					};
				};
			};
			buildConfigurationList = 09EDCDC52431641E00B9EA4E /* Build configuration list for PBXProject "iOS Architecture" */;
			compatibilityVersion = "Xcode 9.3";
			developmentRegion = en;
			hasScannedForEncodings = 0;
			knownRegions = (
				en,
				Base,
			);
			mainGroup = 09EDCDC12431641E00B9EA4E;
			productRefGroup = 09EDCDCB2431641E00B9EA4E /* Products */;
			projectDirPath = "";
			projectRoot = "";
			targets = (
				09EDCDC92431641E00B9EA4E /* iOS Architecture */,
				09EDCDDF2431642000B9EA4E /* iOS ArchitectureTests */,
				09EDCDEA2431642000B9EA4E /* iOS ArchitectureUITests */,
			);
		};
/* End PBXProject section */

/* Begin PBXResourcesBuildPhase section */
		09EDCDC82431641E00B9EA4E /* Resources */ = {
			isa = PBXResourcesBuildPhase;
			buildActionMask = 2147483647;
			files = (
				09EDCDDA2431642000B9EA4E /* LaunchScreen.storyboard in Resources */,
				0943150C24325385009A0ABC /* FeedViewController.xib in Resources */,
				09EDCDD72431642000B9EA4E /* Assets.xcassets in Resources */,
			);
			runOnlyForDeploymentPostprocessing = 0;
		};
		09EDCDDE2431642000B9EA4E /* Resources */ = {
			isa = PBXResourcesBuildPhase;
			buildActionMask = 2147483647;
			files = (
			);
			runOnlyForDeploymentPostprocessing = 0;
		};
		09EDCDE92431642000B9EA4E /* Resources */ = {
			isa = PBXResourcesBuildPhase;
			buildActionMask = 2147483647;
			files = (
			);
			runOnlyForDeploymentPostprocessing = 0;
		};
/* End PBXResourcesBuildPhase section */

/* Begin PBXShellScriptBuildPhase section */
		72BEECD0EE99492DA239F47B /* [CP] Check Pods Manifest.lock */ = {
			isa = PBXShellScriptBuildPhase;
			buildActionMask = 2147483647;
			files = (
			);
			inputFileListPaths = (
			);
			inputPaths = (
				"${PODS_PODFILE_DIR_PATH}/Podfile.lock",
				"${PODS_ROOT}/Manifest.lock",
			);
			name = "[CP] Check Pods Manifest.lock";
			outputFileListPaths = (
			);
			outputPaths = (
				"$(DERIVED_FILE_DIR)/Pods-iOS Architecture-iOS ArchitectureUITests-checkManifestLockResult.txt",
			);
			runOnlyForDeploymentPostprocessing = 0;
			shellPath = /bin/sh;
			shellScript = "diff \"${PODS_PODFILE_DIR_PATH}/Podfile.lock\" \"${PODS_ROOT}/Manifest.lock\" > /dev/null\nif [ $? != 0 ] ; then\n    # print error to STDERR\n    echo \"error: The sandbox is not in sync with the Podfile.lock. Run 'pod install' or update your CocoaPods installation.\" >&2\n    exit 1\nfi\n# This output is used by Xcode 'outputs' to avoid re-running this script phase.\necho \"SUCCESS\" > \"${SCRIPT_OUTPUT_FILE_0}\"\n";
			showEnvVarsInLog = 0;
		};
		73CD79210D576E703AA89D85 /* [CP] Embed Pods Frameworks */ = {
			isa = PBXShellScriptBuildPhase;
			buildActionMask = 2147483647;
			files = (
			);
			inputFileListPaths = (
				"${PODS_ROOT}/Target Support Files/Pods-iOS Architecture/Pods-iOS Architecture-frameworks-${CONFIGURATION}-input-files.xcfilelist",
			);
			name = "[CP] Embed Pods Frameworks";
			outputFileListPaths = (
				"${PODS_ROOT}/Target Support Files/Pods-iOS Architecture/Pods-iOS Architecture-frameworks-${CONFIGURATION}-output-files.xcfilelist",
			);
			runOnlyForDeploymentPostprocessing = 0;
			shellPath = /bin/sh;
			shellScript = "\"${PODS_ROOT}/Target Support Files/Pods-iOS Architecture/Pods-iOS Architecture-frameworks.sh\"\n";
			showEnvVarsInLog = 0;
		};
		75271C70575034206D6F847A /* [CP] Check Pods Manifest.lock */ = {
			isa = PBXShellScriptBuildPhase;
			buildActionMask = 2147483647;
			files = (
			);
			inputFileListPaths = (
			);
			inputPaths = (
				"${PODS_PODFILE_DIR_PATH}/Podfile.lock",
				"${PODS_ROOT}/Manifest.lock",
			);
			name = "[CP] Check Pods Manifest.lock";
			outputFileListPaths = (
			);
			outputPaths = (
				"$(DERIVED_FILE_DIR)/Pods-iOS Architecture-checkManifestLockResult.txt",
			);
			runOnlyForDeploymentPostprocessing = 0;
			shellPath = /bin/sh;
			shellScript = "diff \"${PODS_PODFILE_DIR_PATH}/Podfile.lock\" \"${PODS_ROOT}/Manifest.lock\" > /dev/null\nif [ $? != 0 ] ; then\n    # print error to STDERR\n    echo \"error: The sandbox is not in sync with the Podfile.lock. Run 'pod install' or update your CocoaPods installation.\" >&2\n    exit 1\nfi\n# This output is used by Xcode 'outputs' to avoid re-running this script phase.\necho \"SUCCESS\" > \"${SCRIPT_OUTPUT_FILE_0}\"\n";
			showEnvVarsInLog = 0;
		};
		A4E8CA99006DBBF63D84AA9A /* [CP] Check Pods Manifest.lock */ = {
			isa = PBXShellScriptBuildPhase;
			buildActionMask = 2147483647;
			files = (
			);
			inputFileListPaths = (
			);
			inputPaths = (
				"${PODS_PODFILE_DIR_PATH}/Podfile.lock",
				"${PODS_ROOT}/Manifest.lock",
			);
			name = "[CP] Check Pods Manifest.lock";
			outputFileListPaths = (
			);
			outputPaths = (
				"$(DERIVED_FILE_DIR)/Pods-iOS ArchitectureTests-checkManifestLockResult.txt",
			);
			runOnlyForDeploymentPostprocessing = 0;
			shellPath = /bin/sh;
			shellScript = "diff \"${PODS_PODFILE_DIR_PATH}/Podfile.lock\" \"${PODS_ROOT}/Manifest.lock\" > /dev/null\nif [ $? != 0 ] ; then\n    # print error to STDERR\n    echo \"error: The sandbox is not in sync with the Podfile.lock. Run 'pod install' or update your CocoaPods installation.\" >&2\n    exit 1\nfi\n# This output is used by Xcode 'outputs' to avoid re-running this script phase.\necho \"SUCCESS\" > \"${SCRIPT_OUTPUT_FILE_0}\"\n";
			showEnvVarsInLog = 0;
		};
		AD676C36F5181DAD57F1AC38 /* [CP] Embed Pods Frameworks */ = {
			isa = PBXShellScriptBuildPhase;
			buildActionMask = 2147483647;
			files = (
			);
			inputFileListPaths = (
				"${PODS_ROOT}/Target Support Files/Pods-iOS Architecture-iOS ArchitectureUITests/Pods-iOS Architecture-iOS ArchitectureUITests-frameworks-${CONFIGURATION}-input-files.xcfilelist",
			);
			name = "[CP] Embed Pods Frameworks";
			outputFileListPaths = (
				"${PODS_ROOT}/Target Support Files/Pods-iOS Architecture-iOS ArchitectureUITests/Pods-iOS Architecture-iOS ArchitectureUITests-frameworks-${CONFIGURATION}-output-files.xcfilelist",
			);
			runOnlyForDeploymentPostprocessing = 0;
			shellPath = /bin/sh;
			shellScript = "\"${PODS_ROOT}/Target Support Files/Pods-iOS Architecture-iOS ArchitectureUITests/Pods-iOS Architecture-iOS ArchitectureUITests-frameworks.sh\"\n";
			showEnvVarsInLog = 0;
		};
/* End PBXShellScriptBuildPhase section */

/* Begin PBXSourcesBuildPhase section */
		09EDCDC62431641E00B9EA4E /* Sources */ = {
			isa = PBXSourcesBuildPhase;
			buildActionMask = 2147483647;
			files = (
				0943150E2432547B009A0ABC /* FeedViewModel.swift in Sources */,
				09EDCE0624316B4000B9EA4E /* Router+Rx.swift in Sources */,
				09EDCDCE2431641E00B9EA4E /* AppDelegate.swift in Sources */,
				09EDCE0A24316BCD00B9EA4E /* NibIdentifiable.swift in Sources */,
				09431510243254B9009A0ABC /* AppCoordinator.swift in Sources */,
				09EDCDD02431641E00B9EA4E /* SceneDelegate.swift in Sources */,
				0943150B24325385009A0ABC /* FeedViewController.swift in Sources */,
				0943151224325582009A0ABC /* FeedCoordinator.swift in Sources */,
				09EDCE0824316B9A00B9EA4E /* BindableType.swift in Sources */,
			);
			runOnlyForDeploymentPostprocessing = 0;
		};
		09EDCDDC2431642000B9EA4E /* Sources */ = {
			isa = PBXSourcesBuildPhase;
			buildActionMask = 2147483647;
			files = (
				09EDCDE52431642000B9EA4E /* iOS_ArchitectureTests.swift in Sources */,
			);
			runOnlyForDeploymentPostprocessing = 0;
		};
		09EDCDE72431642000B9EA4E /* Sources */ = {
			isa = PBXSourcesBuildPhase;
			buildActionMask = 2147483647;
			files = (
				09EDCDF02431642000B9EA4E /* iOS_ArchitectureUITests.swift in Sources */,
			);
			runOnlyForDeploymentPostprocessing = 0;
		};
/* End PBXSourcesBuildPhase section */

/* Begin PBXTargetDependency section */
		09EDCDE22431642000B9EA4E /* PBXTargetDependency */ = {
			isa = PBXTargetDependency;
			target = 09EDCDC92431641E00B9EA4E /* iOS Architecture */;
			targetProxy = 09EDCDE12431642000B9EA4E /* PBXContainerItemProxy */;
		};
		09EDCDED2431642000B9EA4E /* PBXTargetDependency */ = {
			isa = PBXTargetDependency;
			target = 09EDCDC92431641E00B9EA4E /* iOS Architecture */;
			targetProxy = 09EDCDEC2431642000B9EA4E /* PBXContainerItemProxy */;
		};
/* End PBXTargetDependency section */

/* Begin PBXVariantGroup section */
		09EDCDD82431642000B9EA4E /* LaunchScreen.storyboard */ = {
			isa = PBXVariantGroup;
			children = (
				09EDCDD92431642000B9EA4E /* Base */,
			);
			name = LaunchScreen.storyboard;
			sourceTree = "<group>";
		};
/* End PBXVariantGroup section */

/* Begin XCBuildConfiguration section */
		09EDCDF22431642000B9EA4E /* Debug */ = {
			isa = XCBuildConfiguration;
			buildSettings = {
				ALWAYS_SEARCH_USER_PATHS = NO;
				CLANG_ANALYZER_NONNULL = YES;
				CLANG_ANALYZER_NUMBER_OBJECT_CONVERSION = YES_AGGRESSIVE;
				CLANG_CXX_LANGUAGE_STANDARD = "gnu++14";
				CLANG_CXX_LIBRARY = "libc++";
				CLANG_ENABLE_MODULES = YES;
				CLANG_ENABLE_OBJC_ARC = YES;
				CLANG_ENABLE_OBJC_WEAK = YES;
				CLANG_WARN_BLOCK_CAPTURE_AUTORELEASING = YES;
				CLANG_WARN_BOOL_CONVERSION = YES;
				CLANG_WARN_COMMA = YES;
				CLANG_WARN_CONSTANT_CONVERSION = YES;
				CLANG_WARN_DEPRECATED_OBJC_IMPLEMENTATIONS = YES;
				CLANG_WARN_DIRECT_OBJC_ISA_USAGE = YES_ERROR;
				CLANG_WARN_DOCUMENTATION_COMMENTS = YES;
				CLANG_WARN_EMPTY_BODY = YES;
				CLANG_WARN_ENUM_CONVERSION = YES;
				CLANG_WARN_INFINITE_RECURSION = YES;
				CLANG_WARN_INT_CONVERSION = YES;
				CLANG_WARN_NON_LITERAL_NULL_CONVERSION = YES;
				CLANG_WARN_OBJC_IMPLICIT_RETAIN_SELF = YES;
				CLANG_WARN_OBJC_LITERAL_CONVERSION = YES;
				CLANG_WARN_OBJC_ROOT_CLASS = YES_ERROR;
				CLANG_WARN_RANGE_LOOP_ANALYSIS = YES;
				CLANG_WARN_STRICT_PROTOTYPES = YES;
				CLANG_WARN_SUSPICIOUS_MOVE = YES;
				CLANG_WARN_UNGUARDED_AVAILABILITY = YES_AGGRESSIVE;
				CLANG_WARN_UNREACHABLE_CODE = YES;
				CLANG_WARN__DUPLICATE_METHOD_MATCH = YES;
				COPY_PHASE_STRIP = NO;
				DEBUG_INFORMATION_FORMAT = dwarf;
				ENABLE_STRICT_OBJC_MSGSEND = YES;
				ENABLE_TESTABILITY = YES;
				GCC_C_LANGUAGE_STANDARD = gnu11;
				GCC_DYNAMIC_NO_PIC = NO;
				GCC_NO_COMMON_BLOCKS = YES;
				GCC_OPTIMIZATION_LEVEL = 0;
				GCC_PREPROCESSOR_DEFINITIONS = (
					"DEBUG=1",
					"$(inherited)",
				);
				GCC_WARN_64_TO_32_BIT_CONVERSION = YES;
				GCC_WARN_ABOUT_RETURN_TYPE = YES_ERROR;
				GCC_WARN_UNDECLARED_SELECTOR = YES;
				GCC_WARN_UNINITIALIZED_AUTOS = YES_AGGRESSIVE;
				GCC_WARN_UNUSED_FUNCTION = YES;
				GCC_WARN_UNUSED_VARIABLE = YES;
				IPHONEOS_DEPLOYMENT_TARGET = 13.4;
				MTL_ENABLE_DEBUG_INFO = INCLUDE_SOURCE;
				MTL_FAST_MATH = YES;
				ONLY_ACTIVE_ARCH = YES;
				SDKROOT = iphoneos;
				SWIFT_ACTIVE_COMPILATION_CONDITIONS = DEBUG;
				SWIFT_OPTIMIZATION_LEVEL = "-Onone";
			};
			name = Debug;
		};
		09EDCDF32431642000B9EA4E /* Release */ = {
			isa = XCBuildConfiguration;
			buildSettings = {
				ALWAYS_SEARCH_USER_PATHS = NO;
				CLANG_ANALYZER_NONNULL = YES;
				CLANG_ANALYZER_NUMBER_OBJECT_CONVERSION = YES_AGGRESSIVE;
				CLANG_CXX_LANGUAGE_STANDARD = "gnu++14";
				CLANG_CXX_LIBRARY = "libc++";
				CLANG_ENABLE_MODULES = YES;
				CLANG_ENABLE_OBJC_ARC = YES;
				CLANG_ENABLE_OBJC_WEAK = YES;
				CLANG_WARN_BLOCK_CAPTURE_AUTORELEASING = YES;
				CLANG_WARN_BOOL_CONVERSION = YES;
				CLANG_WARN_COMMA = YES;
				CLANG_WARN_CONSTANT_CONVERSION = YES;
				CLANG_WARN_DEPRECATED_OBJC_IMPLEMENTATIONS = YES;
				CLANG_WARN_DIRECT_OBJC_ISA_USAGE = YES_ERROR;
				CLANG_WARN_DOCUMENTATION_COMMENTS = YES;
				CLANG_WARN_EMPTY_BODY = YES;
				CLANG_WARN_ENUM_CONVERSION = YES;
				CLANG_WARN_INFINITE_RECURSION = YES;
				CLANG_WARN_INT_CONVERSION = YES;
				CLANG_WARN_NON_LITERAL_NULL_CONVERSION = YES;
				CLANG_WARN_OBJC_IMPLICIT_RETAIN_SELF = YES;
				CLANG_WARN_OBJC_LITERAL_CONVERSION = YES;
				CLANG_WARN_OBJC_ROOT_CLASS = YES_ERROR;
				CLANG_WARN_RANGE_LOOP_ANALYSIS = YES;
				CLANG_WARN_STRICT_PROTOTYPES = YES;
				CLANG_WARN_SUSPICIOUS_MOVE = YES;
				CLANG_WARN_UNGUARDED_AVAILABILITY = YES_AGGRESSIVE;
				CLANG_WARN_UNREACHABLE_CODE = YES;
				CLANG_WARN__DUPLICATE_METHOD_MATCH = YES;
				COPY_PHASE_STRIP = NO;
				DEBUG_INFORMATION_FORMAT = "dwarf-with-dsym";
				ENABLE_NS_ASSERTIONS = NO;
				ENABLE_STRICT_OBJC_MSGSEND = YES;
				GCC_C_LANGUAGE_STANDARD = gnu11;
				GCC_NO_COMMON_BLOCKS = YES;
				GCC_WARN_64_TO_32_BIT_CONVERSION = YES;
				GCC_WARN_ABOUT_RETURN_TYPE = YES_ERROR;
				GCC_WARN_UNDECLARED_SELECTOR = YES;
				GCC_WARN_UNINITIALIZED_AUTOS = YES_AGGRESSIVE;
				GCC_WARN_UNUSED_FUNCTION = YES;
				GCC_WARN_UNUSED_VARIABLE = YES;
				IPHONEOS_DEPLOYMENT_TARGET = 13.4;
				MTL_ENABLE_DEBUG_INFO = NO;
				MTL_FAST_MATH = YES;
				SDKROOT = iphoneos;
				SWIFT_COMPILATION_MODE = wholemodule;
				SWIFT_OPTIMIZATION_LEVEL = "-O";
				VALIDATE_PRODUCT = YES;
			};
			name = Release;
		};
		09EDCDF52431642000B9EA4E /* Debug */ = {
			isa = XCBuildConfiguration;
			baseConfigurationReference = E95562F69D0B2377DB23C871 /* Pods-iOS Architecture.debug.xcconfig */;
			buildSettings = {
				ASSETCATALOG_COMPILER_APPICON_NAME = AppIcon;
				CODE_SIGN_STYLE = Automatic;
				DEVELOPMENT_TEAM = 3655Q46N55;
				INFOPLIST_FILE = "iOS Architecture/Info.plist";
				LD_RUNPATH_SEARCH_PATHS = (
					"$(inherited)",
					"@executable_path/Frameworks",
				);
				PRODUCT_BUNDLE_IDENTIFIER = "la.mastery.iOS-Architecture";
				PRODUCT_NAME = "$(TARGET_NAME)";
				SWIFT_VERSION = 5.0;
				TARGETED_DEVICE_FAMILY = 1;
			};
			name = Debug;
		};
		09EDCDF62431642000B9EA4E /* Release */ = {
			isa = XCBuildConfiguration;
			baseConfigurationReference = 2274CB53A2DC05210DEE14E3 /* Pods-iOS Architecture.release.xcconfig */;
			buildSettings = {
				ASSETCATALOG_COMPILER_APPICON_NAME = AppIcon;
				CODE_SIGN_STYLE = Automatic;
				DEVELOPMENT_TEAM = 3655Q46N55;
				INFOPLIST_FILE = "iOS Architecture/Info.plist";
				LD_RUNPATH_SEARCH_PATHS = (
					"$(inherited)",
					"@executable_path/Frameworks",
				);
				PRODUCT_BUNDLE_IDENTIFIER = "la.mastery.iOS-Architecture";
				PRODUCT_NAME = "$(TARGET_NAME)";
				SWIFT_VERSION = 5.0;
				TARGETED_DEVICE_FAMILY = 1;
			};
			name = Release;
		};
		09EDCDF82431642000B9EA4E /* Debug */ = {
			isa = XCBuildConfiguration;
			baseConfigurationReference = CF89E1F939315E77A392C97B /* Pods-iOS ArchitectureTests.debug.xcconfig */;
			buildSettings = {
				ALWAYS_EMBED_SWIFT_STANDARD_LIBRARIES = YES;
				BUNDLE_LOADER = "$(TEST_HOST)";
				CODE_SIGN_STYLE = Automatic;
				DEVELOPMENT_TEAM = 3655Q46N55;
				INFOPLIST_FILE = "iOS ArchitectureTests/Info.plist";
				IPHONEOS_DEPLOYMENT_TARGET = 13.4;
				LD_RUNPATH_SEARCH_PATHS = (
					"$(inherited)",
					"@executable_path/Frameworks",
					"@loader_path/Frameworks",
				);
				PRODUCT_BUNDLE_IDENTIFIER = "la.mastery.iOS-ArchitectureTests";
				PRODUCT_NAME = "$(TARGET_NAME)";
				SWIFT_VERSION = 5.0;
				TARGETED_DEVICE_FAMILY = "1,2";
				TEST_HOST = "$(BUILT_PRODUCTS_DIR)/iOS Architecture.app/iOS Architecture";
			};
			name = Debug;
		};
		09EDCDF92431642000B9EA4E /* Release */ = {
			isa = XCBuildConfiguration;
			baseConfigurationReference = 6865B3FC94D4EB15A3146B71 /* Pods-iOS ArchitectureTests.release.xcconfig */;
			buildSettings = {
				ALWAYS_EMBED_SWIFT_STANDARD_LIBRARIES = YES;
				BUNDLE_LOADER = "$(TEST_HOST)";
				CODE_SIGN_STYLE = Automatic;
				DEVELOPMENT_TEAM = 3655Q46N55;
				INFOPLIST_FILE = "iOS ArchitectureTests/Info.plist";
				IPHONEOS_DEPLOYMENT_TARGET = 13.4;
				LD_RUNPATH_SEARCH_PATHS = (
					"$(inherited)",
					"@executable_path/Frameworks",
					"@loader_path/Frameworks",
				);
				PRODUCT_BUNDLE_IDENTIFIER = "la.mastery.iOS-ArchitectureTests";
				PRODUCT_NAME = "$(TARGET_NAME)";
				SWIFT_VERSION = 5.0;
				TARGETED_DEVICE_FAMILY = "1,2";
				TEST_HOST = "$(BUILT_PRODUCTS_DIR)/iOS Architecture.app/iOS Architecture";
			};
			name = Release;
		};
		09EDCDFB2431642000B9EA4E /* Debug */ = {
			isa = XCBuildConfiguration;
			baseConfigurationReference = 029EC9651783A6E7C3375050 /* Pods-iOS Architecture-iOS ArchitectureUITests.debug.xcconfig */;
			buildSettings = {
				ALWAYS_EMBED_SWIFT_STANDARD_LIBRARIES = YES;
				CODE_SIGN_STYLE = Automatic;
				DEVELOPMENT_TEAM = 3655Q46N55;
				INFOPLIST_FILE = "iOS ArchitectureUITests/Info.plist";
				LD_RUNPATH_SEARCH_PATHS = (
					"$(inherited)",
					"@executable_path/Frameworks",
					"@loader_path/Frameworks",
				);
				PRODUCT_BUNDLE_IDENTIFIER = "la.mastery.iOS-ArchitectureUITests";
				PRODUCT_NAME = "$(TARGET_NAME)";
				SWIFT_VERSION = 5.0;
				TARGETED_DEVICE_FAMILY = "1,2";
				TEST_TARGET_NAME = "iOS Architecture";
			};
			name = Debug;
		};
		09EDCDFC2431642000B9EA4E /* Release */ = {
			isa = XCBuildConfiguration;
			baseConfigurationReference = 586D1C006A5756F34FF92625 /* Pods-iOS Architecture-iOS ArchitectureUITests.release.xcconfig */;
			buildSettings = {
				ALWAYS_EMBED_SWIFT_STANDARD_LIBRARIES = YES;
				CODE_SIGN_STYLE = Automatic;
				DEVELOPMENT_TEAM = 3655Q46N55;
				INFOPLIST_FILE = "iOS ArchitectureUITests/Info.plist";
				LD_RUNPATH_SEARCH_PATHS = (
					"$(inherited)",
					"@executable_path/Frameworks",
					"@loader_path/Frameworks",
				);
				PRODUCT_BUNDLE_IDENTIFIER = "la.mastery.iOS-ArchitectureUITests";
				PRODUCT_NAME = "$(TARGET_NAME)";
				SWIFT_VERSION = 5.0;
				TARGETED_DEVICE_FAMILY = "1,2";
				TEST_TARGET_NAME = "iOS Architecture";
			};
			name = Release;
		};
/* End XCBuildConfiguration section */

/* Begin XCConfigurationList section */
		09EDCDC52431641E00B9EA4E /* Build configuration list for PBXProject "iOS Architecture" */ = {
			isa = XCConfigurationList;
			buildConfigurations = (
				09EDCDF22431642000B9EA4E /* Debug */,
				09EDCDF32431642000B9EA4E /* Release */,
			);
			defaultConfigurationIsVisible = 0;
			defaultConfigurationName = Release;
		};
		09EDCDF42431642000B9EA4E /* Build configuration list for PBXNativeTarget "iOS Architecture" */ = {
			isa = XCConfigurationList;
			buildConfigurations = (
				09EDCDF52431642000B9EA4E /* Debug */,
				09EDCDF62431642000B9EA4E /* Release */,
			);
			defaultConfigurationIsVisible = 0;
			defaultConfigurationName = Release;
		};
		09EDCDF72431642000B9EA4E /* Build configuration list for PBXNativeTarget "iOS ArchitectureTests" */ = {
			isa = XCConfigurationList;
			buildConfigurations = (
				09EDCDF82431642000B9EA4E /* Debug */,
				09EDCDF92431642000B9EA4E /* Release */,
			);
			defaultConfigurationIsVisible = 0;
			defaultConfigurationName = Release;
		};
		09EDCDFA2431642000B9EA4E /* Build configuration list for PBXNativeTarget "iOS ArchitectureUITests" */ = {
			isa = XCConfigurationList;
			buildConfigurations = (
				09EDCDFB2431642000B9EA4E /* Debug */,
				09EDCDFC2431642000B9EA4E /* Release */,
			);
			defaultConfigurationIsVisible = 0;
			defaultConfigurationName = Release;
		};
/* End XCConfigurationList section */
	};
	rootObject = 09EDCDC22431641E00B9EA4E /* Project object */;
}
